// !$*UTF8*$!
{
	archiveVersion = 1;
	classes = {
	};
	objectVersion = 56;
	objects = {

/* Begin PBXBuildFile section */
		1AE40ABB2A9F628C00E13614 /* AppDelegate.swift in Sources */ = {isa = PBXBuildFile; fileRef = 1AE40ABA2A9F628C00E13614 /* AppDelegate.swift */; };
		1AE40ABD2A9F628C00E13614 /* SceneDelegate.swift in Sources */ = {isa = PBXBuildFile; fileRef = 1AE40ABC2A9F628C00E13614 /* SceneDelegate.swift */; };
		1AE40AC42A9F628E00E13614 /* Assets.xcassets in Resources */ = {isa = PBXBuildFile; fileRef = 1AE40AC32A9F628E00E13614 /* Assets.xcassets */; };
		1AE40AC72A9F628E00E13614 /* LaunchScreen.storyboard in Resources */ = {isa = PBXBuildFile; fileRef = 1AE40AC52A9F628E00E13614 /* LaunchScreen.storyboard */; };
		1AE40AD82A9F631900E13614 /* Colors.xcassets in Resources */ = {isa = PBXBuildFile; fileRef = 1AE40AD72A9F631900E13614 /* Colors.xcassets */; };
		1AE40ADE2A9F634E00E13614 /* AppCoordinator.swift in Sources */ = {isa = PBXBuildFile; fileRef = 1AE40ADD2A9F634E00E13614 /* AppCoordinator.swift */; };
		1AE40AE22A9F641700E13614 /* SplashViewController.swift in Sources */ = {isa = PBXBuildFile; fileRef = 1AE40AE02A9F641700E13614 /* SplashViewController.swift */; };
		1AE40AE32A9F641700E13614 /* SplashViewController.xib in Resources */ = {isa = PBXBuildFile; fileRef = 1AE40AE12A9F641700E13614 /* SplashViewController.xib */; };
		1AE40AE62A9F642600E13614 /* SplashViewModel.swift in Sources */ = {isa = PBXBuildFile; fileRef = 1AE40AE52A9F642600E13614 /* SplashViewModel.swift */; };
		1AE40AE82A9F6F7400E13614 /* NetworkingService.swift in Sources */ = {isa = PBXBuildFile; fileRef = 1AE40AE72A9F6F7400E13614 /* NetworkingService.swift */; };
		1AE40AEA2A9F70D500E13614 /* MovieService.swift in Sources */ = {isa = PBXBuildFile; fileRef = 1AE40AE92A9F70D500E13614 /* MovieService.swift */; };
		1AE40AEC2A9F70E700E13614 /* Movie.swift in Sources */ = {isa = PBXBuildFile; fileRef = 1AE40AEB2A9F70E700E13614 /* Movie.swift */; };
		1AE40AEE2A9F714B00E13614 /* Constant.swift in Sources */ = {isa = PBXBuildFile; fileRef = 1AE40AED2A9F714B00E13614 /* Constant.swift */; };
		1AE40AF42A9F763000E13614 /* MainViewController.swift in Sources */ = {isa = PBXBuildFile; fileRef = 1AE40AF22A9F763000E13614 /* MainViewController.swift */; };
		1AE40AF52A9F763000E13614 /* MainViewController.xib in Resources */ = {isa = PBXBuildFile; fileRef = 1AE40AF32A9F763000E13614 /* MainViewController.xib */; };
		1AE40AF82A9F763E00E13614 /* MainViewModel.swift in Sources */ = {isa = PBXBuildFile; fileRef = 1AE40AF72A9F763E00E13614 /* MainViewModel.swift */; };
		1AE40AFB2A9F77C400E13614 /* LoaderViewController.swift in Sources */ = {isa = PBXBuildFile; fileRef = 1AE40AFA2A9F77C400E13614 /* LoaderViewController.swift */; };
		1AE40AFF2A9F7B3F00E13614 /* MovieTableViewCell.swift in Sources */ = {isa = PBXBuildFile; fileRef = 1AE40AFD2A9F7B3F00E13614 /* MovieTableViewCell.swift */; };
		1AE40B002A9F7B3F00E13614 /* MovieTableViewCell.xib in Resources */ = {isa = PBXBuildFile; fileRef = 1AE40AFE2A9F7B3F00E13614 /* MovieTableViewCell.xib */; };
/* End PBXBuildFile section */

/* Begin PBXFileReference section */
		1AE40AB72A9F628C00E13614 /* MovieTest.app */ = {isa = PBXFileReference; explicitFileType = wrapper.application; includeInIndex = 0; path = MovieTest.app; sourceTree = BUILT_PRODUCTS_DIR; };
		1AE40ABA2A9F628C00E13614 /* AppDelegate.swift */ = {isa = PBXFileReference; lastKnownFileType = sourcecode.swift; path = AppDelegate.swift; sourceTree = "<group>"; };
		1AE40ABC2A9F628C00E13614 /* SceneDelegate.swift */ = {isa = PBXFileReference; lastKnownFileType = sourcecode.swift; path = SceneDelegate.swift; sourceTree = "<group>"; };
		1AE40AC32A9F628E00E13614 /* Assets.xcassets */ = {isa = PBXFileReference; lastKnownFileType = folder.assetcatalog; path = Assets.xcassets; sourceTree = "<group>"; };
		1AE40AC62A9F628E00E13614 /* Base */ = {isa = PBXFileReference; lastKnownFileType = file.storyboard; name = Base; path = Base.lproj/LaunchScreen.storyboard; sourceTree = "<group>"; };
		1AE40AC82A9F628E00E13614 /* Info.plist */ = {isa = PBXFileReference; lastKnownFileType = text.plist.xml; path = Info.plist; sourceTree = "<group>"; };
		1AE40AD72A9F631900E13614 /* Colors.xcassets */ = {isa = PBXFileReference; lastKnownFileType = folder.assetcatalog; path = Colors.xcassets; sourceTree = "<group>"; };
		1AE40ADA2A9F633700E13614 /* Poppins-Regular.ttf */ = {isa = PBXFileReference; lastKnownFileType = file; path = "Poppins-Regular.ttf"; sourceTree = "<group>"; };
		1AE40ADB2A9F633700E13614 /* Poppins-Bold.ttf */ = {isa = PBXFileReference; lastKnownFileType = file; path = "Poppins-Bold.ttf"; sourceTree = "<group>"; };
		1AE40ADC2A9F633700E13614 /* Poppins-Medium.ttf */ = {isa = PBXFileReference; lastKnownFileType = file; path = "Poppins-Medium.ttf"; sourceTree = "<group>"; };
		1AE40ADD2A9F634E00E13614 /* AppCoordinator.swift */ = {isa = PBXFileReference; lastKnownFileType = sourcecode.swift; path = AppCoordinator.swift; sourceTree = "<group>"; };
		1AE40AE02A9F641700E13614 /* SplashViewController.swift */ = {isa = PBXFileReference; lastKnownFileType = sourcecode.swift; path = SplashViewController.swift; sourceTree = "<group>"; };
		1AE40AE12A9F641700E13614 /* SplashViewController.xib */ = {isa = PBXFileReference; lastKnownFileType = file.xib; path = SplashViewController.xib; sourceTree = "<group>"; };
		1AE40AE52A9F642600E13614 /* SplashViewModel.swift */ = {isa = PBXFileReference; lastKnownFileType = sourcecode.swift; path = SplashViewModel.swift; sourceTree = "<group>"; };
		1AE40AE72A9F6F7400E13614 /* NetworkingService.swift */ = {isa = PBXFileReference; lastKnownFileType = sourcecode.swift; path = NetworkingService.swift; sourceTree = "<group>"; };
		1AE40AE92A9F70D500E13614 /* MovieService.swift */ = {isa = PBXFileReference; lastKnownFileType = sourcecode.swift; path = MovieService.swift; sourceTree = "<group>"; };
		1AE40AEB2A9F70E700E13614 /* Movie.swift */ = {isa = PBXFileReference; lastKnownFileType = sourcecode.swift; path = Movie.swift; sourceTree = "<group>"; };
		1AE40AED2A9F714B00E13614 /* Constant.swift */ = {isa = PBXFileReference; lastKnownFileType = sourcecode.swift; path = Constant.swift; sourceTree = "<group>"; };
		1AE40AF22A9F763000E13614 /* MainViewController.swift */ = {isa = PBXFileReference; lastKnownFileType = sourcecode.swift; path = MainViewController.swift; sourceTree = "<group>"; };
		1AE40AF32A9F763000E13614 /* MainViewController.xib */ = {isa = PBXFileReference; lastKnownFileType = file.xib; path = MainViewController.xib; sourceTree = "<group>"; };
		1AE40AF72A9F763E00E13614 /* MainViewModel.swift */ = {isa = PBXFileReference; lastKnownFileType = sourcecode.swift; path = MainViewModel.swift; sourceTree = "<group>"; };
		1AE40AFA2A9F77C400E13614 /* LoaderViewController.swift */ = {isa = PBXFileReference; lastKnownFileType = sourcecode.swift; path = LoaderViewController.swift; sourceTree = "<group>"; };
		1AE40AFD2A9F7B3F00E13614 /* MovieTableViewCell.swift */ = {isa = PBXFileReference; lastKnownFileType = sourcecode.swift; path = MovieTableViewCell.swift; sourceTree = "<group>"; };
		1AE40AFE2A9F7B3F00E13614 /* MovieTableViewCell.xib */ = {isa = PBXFileReference; lastKnownFileType = file.xib; path = MovieTableViewCell.xib; sourceTree = "<group>"; };
/* End PBXFileReference section */

/* Begin PBXFrameworksBuildPhase section */
		1AE40AB42A9F628C00E13614 /* Frameworks */ = {
			isa = PBXFrameworksBuildPhase;
			buildActionMask = 2147483647;
			files = (
			);
			runOnlyForDeploymentPostprocessing = 0;
		};
/* End PBXFrameworksBuildPhase section */

/* Begin PBXGroup section */
		1AE40AAE2A9F628C00E13614 = {
			isa = PBXGroup;
			children = (
				1AE40AB92A9F628C00E13614 /* MovieTest */,
				1AE40AB82A9F628C00E13614 /* Products */,
			);
			sourceTree = "<group>";
		};
		1AE40AB82A9F628C00E13614 /* Products */ = {
			isa = PBXGroup;
			children = (
				1AE40AB72A9F628C00E13614 /* MovieTest.app */,
			);
			name = Products;
			sourceTree = "<group>";
		};
		1AE40AB92A9F628C00E13614 /* MovieTest */ = {
			isa = PBXGroup;
			children = (
				1AE40AD22A9F62A600E13614 /* Helpers */,
				1AE40AD32A9F62AD00E13614 /* Managers */,
				1AE40AD12A9F62A100E13614 /* Extensions */,
				1AE40ACE2A9F629200E13614 /* Service */,
				1AE40ACF2A9F629700E13614 /* Model */,
				1AE40AD62A9F62DD00E13614 /* Coordinator */,
				1AE40AD02A9F629D00E13614 /* UI */,
				1AE40AD42A9F62B100E13614 /* SupportingFiles */,
				1AE40AD52A9F62BE00E13614 /* AppFiles */,
				1AE40AC82A9F628E00E13614 /* Info.plist */,
			);
			path = MovieTest;
			sourceTree = "<group>";
		};
		1AE40ACE2A9F629200E13614 /* Service */ = {
			isa = PBXGroup;
			children = (
				1AE40AE72A9F6F7400E13614 /* NetworkingService.swift */,
				1AE40AE92A9F70D500E13614 /* MovieService.swift */,
			);
			path = Service;
			sourceTree = "<group>";
		};
		1AE40ACF2A9F629700E13614 /* Model */ = {
			isa = PBXGroup;
			children = (
				1AE40AEB2A9F70E700E13614 /* Movie.swift */,
			);
			path = Model;
			sourceTree = "<group>";
		};
		1AE40AD02A9F629D00E13614 /* UI */ = {
			isa = PBXGroup;
			children = (
				1AE40AF92A9F77B500E13614 /* CustomViews */,
				1AE40AF12A9F762400E13614 /* Main */,
				1AE40ADF2A9F640200E13614 /* Splash */,
			);
			path = UI;
			sourceTree = "<group>";
		};
		1AE40AD12A9F62A100E13614 /* Extensions */ = {
			isa = PBXGroup;
			children = (
			);
			path = Extensions;
			sourceTree = "<group>";
		};
		1AE40AD22A9F62A600E13614 /* Helpers */ = {
			isa = PBXGroup;
			children = (
				1AE40AED2A9F714B00E13614 /* Constant.swift */,
			);
			path = Helpers;
			sourceTree = "<group>";
		};
		1AE40AD32A9F62AD00E13614 /* Managers */ = {
			isa = PBXGroup;
			children = (
			);
			path = Managers;
			sourceTree = "<group>";
		};
		1AE40AD42A9F62B100E13614 /* SupportingFiles */ = {
			isa = PBXGroup;
			children = (
				1AE40AD92A9F631F00E13614 /* Fonts */,
				1AE40AC32A9F628E00E13614 /* Assets.xcassets */,
				1AE40AD72A9F631900E13614 /* Colors.xcassets */,
			);
			path = SupportingFiles;
			sourceTree = "<group>";
		};
		1AE40AD52A9F62BE00E13614 /* AppFiles */ = {
			isa = PBXGroup;
			children = (
				1AE40ABA2A9F628C00E13614 /* AppDelegate.swift */,
				1AE40ABC2A9F628C00E13614 /* SceneDelegate.swift */,
				1AE40AC52A9F628E00E13614 /* LaunchScreen.storyboard */,
			);
			path = AppFiles;
			sourceTree = "<group>";
		};
		1AE40AD62A9F62DD00E13614 /* Coordinator */ = {
			isa = PBXGroup;
			children = (
				1AE40ADD2A9F634E00E13614 /* AppCoordinator.swift */,
			);
			path = Coordinator;
			sourceTree = "<group>";
		};
		1AE40AD92A9F631F00E13614 /* Fonts */ = {
			isa = PBXGroup;
			children = (
				1AE40ADB2A9F633700E13614 /* Poppins-Bold.ttf */,
				1AE40ADC2A9F633700E13614 /* Poppins-Medium.ttf */,
				1AE40ADA2A9F633700E13614 /* Poppins-Regular.ttf */,
			);
			path = Fonts;
			sourceTree = "<group>";
		};
		1AE40ADF2A9F640200E13614 /* Splash */ = {
			isa = PBXGroup;
			children = (
				1AE40AE42A9F641B00E13614 /* ViewModel */,
				1AE40AE02A9F641700E13614 /* SplashViewController.swift */,
				1AE40AE12A9F641700E13614 /* SplashViewController.xib */,
			);
			path = Splash;
			sourceTree = "<group>";
		};
		1AE40AE42A9F641B00E13614 /* ViewModel */ = {
			isa = PBXGroup;
			children = (
				1AE40AE52A9F642600E13614 /* SplashViewModel.swift */,
			);
			path = ViewModel;
			sourceTree = "<group>";
		};
		1AE40AF12A9F762400E13614 /* Main */ = {
			isa = PBXGroup;
			children = (
				1AE40AFC2A9F7B2A00E13614 /* Cell */,
				1AE40AF62A9F763300E13614 /* ViewModel */,
				1AE40AF22A9F763000E13614 /* MainViewController.swift */,
				1AE40AF32A9F763000E13614 /* MainViewController.xib */,
			);
			path = Main;
			sourceTree = "<group>";
		};
		1AE40AF62A9F763300E13614 /* ViewModel */ = {
			isa = PBXGroup;
			children = (
				1AE40AF72A9F763E00E13614 /* MainViewModel.swift */,
			);
			path = ViewModel;
			sourceTree = "<group>";
		};
		1AE40AF92A9F77B500E13614 /* CustomViews */ = {
			isa = PBXGroup;
			children = (
				1AE40AFA2A9F77C400E13614 /* LoaderViewController.swift */,
			);
			path = CustomViews;
			sourceTree = "<group>";
		};
		1AE40AFC2A9F7B2A00E13614 /* Cell */ = {
			isa = PBXGroup;
			children = (
				1AE40AFD2A9F7B3F00E13614 /* MovieTableViewCell.swift */,
				1AE40AFE2A9F7B3F00E13614 /* MovieTableViewCell.xib */,
			);
			path = Cell;
			sourceTree = "<group>";
		};
/* End PBXGroup section */

/* Begin PBXNativeTarget section */
		1AE40AB62A9F628C00E13614 /* MovieTest */ = {
			isa = PBXNativeTarget;
			buildConfigurationList = 1AE40ACB2A9F628E00E13614 /* Build configuration list for PBXNativeTarget "MovieTest" */;
			buildPhases = (
				1AE40AB32A9F628C00E13614 /* Sources */,
				1AE40AB42A9F628C00E13614 /* Frameworks */,
				1AE40AB52A9F628C00E13614 /* Resources */,
			);
			buildRules = (
			);
			dependencies = (
			);
			name = MovieTest;
			productName = MovieTest;
			productReference = 1AE40AB72A9F628C00E13614 /* MovieTest.app */;
			productType = "com.apple.product-type.application";
		};
/* End PBXNativeTarget section */

/* Begin PBXProject section */
		1AE40AAF2A9F628C00E13614 /* Project object */ = {
			isa = PBXProject;
			attributes = {
				BuildIndependentTargetsInParallel = 1;
				LastSwiftUpdateCheck = 1430;
				LastUpgradeCheck = 1430;
				TargetAttributes = {
					1AE40AB62A9F628C00E13614 = {
						CreatedOnToolsVersion = 14.3.1;
					};
				};
			};
			buildConfigurationList = 1AE40AB22A9F628C00E13614 /* Build configuration list for PBXProject "MovieTest" */;
			compatibilityVersion = "Xcode 14.0";
			developmentRegion = en;
			hasScannedForEncodings = 0;
			knownRegions = (
				en,
				Base,
			);
			mainGroup = 1AE40AAE2A9F628C00E13614;
			productRefGroup = 1AE40AB82A9F628C00E13614 /* Products */;
			projectDirPath = "";
			projectRoot = "";
			targets = (
				1AE40AB62A9F628C00E13614 /* MovieTest */,
			);
		};
/* End PBXProject section */

/* Begin PBXResourcesBuildPhase section */
		1AE40AB52A9F628C00E13614 /* Resources */ = {
			isa = PBXResourcesBuildPhase;
			buildActionMask = 2147483647;
			files = (
				1AE40AD82A9F631900E13614 /* Colors.xcassets in Resources */,
				1AE40AC72A9F628E00E13614 /* LaunchScreen.storyboard in Resources */,
				1AE40B002A9F7B3F00E13614 /* MovieTableViewCell.xib in Resources */,
				1AE40AF52A9F763000E13614 /* MainViewController.xib in Resources */,
				1AE40AC42A9F628E00E13614 /* Assets.xcassets in Resources */,
				1AE40AE32A9F641700E13614 /* SplashViewController.xib in Resources */,
			);
			runOnlyForDeploymentPostprocessing = 0;
		};
/* End PBXResourcesBuildPhase section */

/* Begin PBXSourcesBuildPhase section */
		1AE40AB32A9F628C00E13614 /* Sources */ = {
			isa = PBXSourcesBuildPhase;
			buildActionMask = 2147483647;
			files = (
				1AE40AE62A9F642600E13614 /* SplashViewModel.swift in Sources */,
				1AE40ADE2A9F634E00E13614 /* AppCoordinator.swift in Sources */,
				1AE40AEE2A9F714B00E13614 /* Constant.swift in Sources */,
				1AE40ABB2A9F628C00E13614 /* AppDelegate.swift in Sources */,
				1AE40AE82A9F6F7400E13614 /* NetworkingService.swift in Sources */,
				1AE40ABD2A9F628C00E13614 /* SceneDelegate.swift in Sources */,
				1AE40AE22A9F641700E13614 /* SplashViewController.swift in Sources */,
				1AE40AFB2A9F77C400E13614 /* LoaderViewController.swift in Sources */,
				1AE40AEC2A9F70E700E13614 /* Movie.swift in Sources */,
				1AE40AEA2A9F70D500E13614 /* MovieService.swift in Sources */,
				1AE40AF42A9F763000E13614 /* MainViewController.swift in Sources */,
				1AE40AF82A9F763E00E13614 /* MainViewModel.swift in Sources */,
				1AE40AFF2A9F7B3F00E13614 /* MovieTableViewCell.swift in Sources */,
			);
			runOnlyForDeploymentPostprocessing = 0;
		};
/* End PBXSourcesBuildPhase section */

/* Begin PBXVariantGroup section */
		1AE40AC52A9F628E00E13614 /* LaunchScreen.storyboard */ = {
			isa = PBXVariantGroup;
			children = (
				1AE40AC62A9F628E00E13614 /* Base */,
			);
			name = LaunchScreen.storyboard;
			sourceTree = "<group>";
		};
/* End PBXVariantGroup section */

/* Begin XCBuildConfiguration section */
		1AE40AC92A9F628E00E13614 /* Debug */ = {
			isa = XCBuildConfiguration;
			buildSettings = {
				ALWAYS_SEARCH_USER_PATHS = NO;
				CLANG_ANALYZER_NONNULL = YES;
				CLANG_ANALYZER_NUMBER_OBJECT_CONVERSION = YES_AGGRESSIVE;
				CLANG_CXX_LANGUAGE_STANDARD = "gnu++20";
				CLANG_ENABLE_MODULES = YES;
				CLANG_ENABLE_OBJC_ARC = YES;
				CLANG_ENABLE_OBJC_WEAK = YES;
				CLANG_WARN_BLOCK_CAPTURE_AUTORELEASING = YES;
				CLANG_WARN_BOOL_CONVERSION = YES;
				CLANG_WARN_COMMA = YES;
				CLANG_WARN_CONSTANT_CONVERSION = YES;
				CLANG_WARN_DEPRECATED_OBJC_IMPLEMENTATIONS = YES;
				CLANG_WARN_DIRECT_OBJC_ISA_USAGE = YES_ERROR;
				CLANG_WARN_DOCUMENTATION_COMMENTS = YES;
				CLANG_WARN_EMPTY_BODY = YES;
				CLANG_WARN_ENUM_CONVERSION = YES;
				CLANG_WARN_INFINITE_RECURSION = YES;
				CLANG_WARN_INT_CONVERSION = YES;
				CLANG_WARN_NON_LITERAL_NULL_CONVERSION = YES;
				CLANG_WARN_OBJC_IMPLICIT_RETAIN_SELF = YES;
				CLANG_WARN_OBJC_LITERAL_CONVERSION = YES;
				CLANG_WARN_OBJC_ROOT_CLASS = YES_ERROR;
				CLANG_WARN_QUOTED_INCLUDE_IN_FRAMEWORK_HEADER = YES;
				CLANG_WARN_RANGE_LOOP_ANALYSIS = YES;
				CLANG_WARN_STRICT_PROTOTYPES = YES;
				CLANG_WARN_SUSPICIOUS_MOVE = YES;
				CLANG_WARN_UNGUARDED_AVAILABILITY = YES_AGGRESSIVE;
				CLANG_WARN_UNREACHABLE_CODE = YES;
				CLANG_WARN__DUPLICATE_METHOD_MATCH = YES;
				COPY_PHASE_STRIP = NO;
				DEBUG_INFORMATION_FORMAT = dwarf;
				ENABLE_STRICT_OBJC_MSGSEND = YES;
				ENABLE_TESTABILITY = YES;
				GCC_C_LANGUAGE_STANDARD = gnu11;
				GCC_DYNAMIC_NO_PIC = NO;
				GCC_NO_COMMON_BLOCKS = YES;
				GCC_OPTIMIZATION_LEVEL = 0;
				GCC_PREPROCESSOR_DEFINITIONS = (
					"DEBUG=1",
					"$(inherited)",
				);
				GCC_WARN_64_TO_32_BIT_CONVERSION = YES;
				GCC_WARN_ABOUT_RETURN_TYPE = YES_ERROR;
				GCC_WARN_UNDECLARED_SELECTOR = YES;
				GCC_WARN_UNINITIALIZED_AUTOS = YES_AGGRESSIVE;
				GCC_WARN_UNUSED_FUNCTION = YES;
				GCC_WARN_UNUSED_VARIABLE = YES;
				IPHONEOS_DEPLOYMENT_TARGET = 16.4;
				MTL_ENABLE_DEBUG_INFO = INCLUDE_SOURCE;
				MTL_FAST_MATH = YES;
				ONLY_ACTIVE_ARCH = YES;
				SDKROOT = iphoneos;
				SWIFT_ACTIVE_COMPILATION_CONDITIONS = DEBUG;
				SWIFT_OPTIMIZATION_LEVEL = "-Onone";
			};
			name = Debug;
		};
		1AE40ACA2A9F628E00E13614 /* Release */ = {
			isa = XCBuildConfiguration;
			buildSettings = {
				ALWAYS_SEARCH_USER_PATHS = NO;
				CLANG_ANALYZER_NONNULL = YES;
				CLANG_ANALYZER_NUMBER_OBJECT_CONVERSION = YES_AGGRESSIVE;
				CLANG_CXX_LANGUAGE_STANDARD = "gnu++20";
				CLANG_ENABLE_MODULES = YES;
				CLANG_ENABLE_OBJC_ARC = YES;
				CLANG_ENABLE_OBJC_WEAK = YES;
				CLANG_WARN_BLOCK_CAPTURE_AUTORELEASING = YES;
				CLANG_WARN_BOOL_CONVERSION = YES;
				CLANG_WARN_COMMA = YES;
				CLANG_WARN_CONSTANT_CONVERSION = YES;
				CLANG_WARN_DEPRECATED_OBJC_IMPLEMENTATIONS = YES;
				CLANG_WARN_DIRECT_OBJC_ISA_USAGE = YES_ERROR;
				CLANG_WARN_DOCUMENTATION_COMMENTS = YES;
				CLANG_WARN_EMPTY_BODY = YES;
				CLANG_WARN_ENUM_CONVERSION = YES;
				CLANG_WARN_INFINITE_RECURSION = YES;
				CLANG_WARN_INT_CONVERSION = YES;
				CLANG_WARN_NON_LITERAL_NULL_CONVERSION = YES;
				CLANG_WARN_OBJC_IMPLICIT_RETAIN_SELF = YES;
				CLANG_WARN_OBJC_LITERAL_CONVERSION = YES;
				CLANG_WARN_OBJC_ROOT_CLASS = YES_ERROR;
				CLANG_WARN_QUOTED_INCLUDE_IN_FRAMEWORK_HEADER = YES;
				CLANG_WARN_RANGE_LOOP_ANALYSIS = YES;
				CLANG_WARN_STRICT_PROTOTYPES = YES;
				CLANG_WARN_SUSPICIOUS_MOVE = YES;
				CLANG_WARN_UNGUARDED_AVAILABILITY = YES_AGGRESSIVE;
				CLANG_WARN_UNREACHABLE_CODE = YES;
				CLANG_WARN__DUPLICATE_METHOD_MATCH = YES;
				COPY_PHASE_STRIP = NO;
				DEBUG_INFORMATION_FORMAT = "dwarf-with-dsym";
				ENABLE_NS_ASSERTIONS = NO;
				ENABLE_STRICT_OBJC_MSGSEND = YES;
				GCC_C_LANGUAGE_STANDARD = gnu11;
				GCC_NO_COMMON_BLOCKS = YES;
				GCC_WARN_64_TO_32_BIT_CONVERSION = YES;
				GCC_WARN_ABOUT_RETURN_TYPE = YES_ERROR;
				GCC_WARN_UNDECLARED_SELECTOR = YES;
				GCC_WARN_UNINITIALIZED_AUTOS = YES_AGGRESSIVE;
				GCC_WARN_UNUSED_FUNCTION = YES;
				GCC_WARN_UNUSED_VARIABLE = YES;
				IPHONEOS_DEPLOYMENT_TARGET = 16.4;
				MTL_ENABLE_DEBUG_INFO = NO;
				MTL_FAST_MATH = YES;
				SDKROOT = iphoneos;
				SWIFT_COMPILATION_MODE = wholemodule;
				SWIFT_OPTIMIZATION_LEVEL = "-O";
				VALIDATE_PRODUCT = YES;
			};
			name = Release;
		};
		1AE40ACC2A9F628E00E13614 /* Debug */ = {
			isa = XCBuildConfiguration;
			buildSettings = {
				ASSETCATALOG_COMPILER_APPICON_NAME = AppIcon;
				ASSETCATALOG_COMPILER_GLOBAL_ACCENT_COLOR_NAME = AccentColor;
				CODE_SIGN_STYLE = Automatic;
				CURRENT_PROJECT_VERSION = 1;
				DEVELOPMENT_TEAM = P363666WUX;
				GENERATE_INFOPLIST_FILE = YES;
				INFOPLIST_FILE = MovieTest/Info.plist;
				INFOPLIST_KEY_UIApplicationSupportsIndirectInputEvents = YES;
				INFOPLIST_KEY_UILaunchStoryboardName = LaunchScreen;
				INFOPLIST_KEY_UISupportedInterfaceOrientations = UIInterfaceOrientationPortrait;
				LD_RUNPATH_SEARCH_PATHS = (
					"$(inherited)",
					"@executable_path/Frameworks",
				);
				MARKETING_VERSION = 1.0;
				PRODUCT_BUNDLE_IDENTIFIER = com.dimabonder.inc.MovieTest;
				PRODUCT_NAME = "$(TARGET_NAME)";
				SWIFT_EMIT_LOC_STRINGS = YES;
				SWIFT_VERSION = 5.0;
				TARGETED_DEVICE_FAMILY = "1,2";
			};
			name = Debug;
		};
		1AE40ACD2A9F628E00E13614 /* Release */ = {
			isa = XCBuildConfiguration;
			buildSettings = {
				ASSETCATALOG_COMPILER_APPICON_NAME = AppIcon;
				ASSETCATALOG_COMPILER_GLOBAL_ACCENT_COLOR_NAME = AccentColor;
				CODE_SIGN_STYLE = Automatic;
				CURRENT_PROJECT_VERSION = 1;
				DEVELOPMENT_TEAM = P363666WUX;
				GENERATE_INFOPLIST_FILE = YES;
				INFOPLIST_FILE = MovieTest/Info.plist;
				INFOPLIST_KEY_UIApplicationSupportsIndirectInputEvents = YES;
				INFOPLIST_KEY_UILaunchStoryboardName = LaunchScreen;
				INFOPLIST_KEY_UISupportedInterfaceOrientations = UIInterfaceOrientationPortrait;
				LD_RUNPATH_SEARCH_PATHS = (
					"$(inherited)",
					"@executable_path/Frameworks",
				);
				MARKETING_VERSION = 1.0;
				PRODUCT_BUNDLE_IDENTIFIER = com.dimabonder.inc.MovieTest;
				PRODUCT_NAME = "$(TARGET_NAME)";
				SWIFT_EMIT_LOC_STRINGS = YES;
				SWIFT_VERSION = 5.0;
				TARGETED_DEVICE_FAMILY = "1,2";
			};
			name = Release;
		};
/* End XCBuildConfiguration section */

/* Begin XCConfigurationList section */
		1AE40AB22A9F628C00E13614 /* Build configuration list for PBXProject "MovieTest" */ = {
			isa = XCConfigurationList;
			buildConfigurations = (
				1AE40AC92A9F628E00E13614 /* Debug */,
				1AE40ACA2A9F628E00E13614 /* Release */,
			);
			defaultConfigurationIsVisible = 0;
			defaultConfigurationName = Release;
		};
		1AE40ACB2A9F628E00E13614 /* Build configuration list for PBXNativeTarget "MovieTest" */ = {
			isa = XCConfigurationList;
			buildConfigurations = (
				1AE40ACC2A9F628E00E13614 /* Debug */,
				1AE40ACD2A9F628E00E13614 /* Release */,
			);
			defaultConfigurationIsVisible = 0;
			defaultConfigurationName = Release;
		};
/* End XCConfigurationList section */
	};
	rootObject = 1AE40AAF2A9F628C00E13614 /* Project object */;
}
